
Microsoft Visual Studio Solution File, Format Version 12.00
# Visual Studio 15
VisualStudioVersion = 15.0.27703.2026
MinimumVisualStudioVersion = 10.0.40219.1
Project("{9A19103F-16F7-4668-BE54-9A1E7A4F7556}") = "SpaClient", "SpaClient\SpaClient.csproj", "{F19982EB-03D4-4B50-8542-8E49922F6F05}"
EndProject
Project("{9A19103F-16F7-4668-BE54-9A1E7A4F7556}") = "StsIdentityServer4", "StsIdentityServer4\StsIdentityServer4.csproj", "{BF70F91D-1CD8-42CF-813E-3FDFC4C09873}"
EndProject
Global
	GlobalSection(SolutionConfigurationPlatforms) = preSolution
		Debug|Any CPU = Debug|Any CPU
		Release|Any CPU = Release|Any CPU
	EndGlobalSection
	GlobalSection(ProjectConfigurationPlatforms) = postSolution
		{F19982EB-03D4-4B50-8542-8E49922F6F05}.Debug|Any CPU.ActiveCfg = Debug|Any CPU
		{F19982EB-03D4-4B50-8542-8E49922F6F05}.Debug|Any CPU.Build.0 = Debug|Any CPU
		{F19982EB-03D4-4B50-8542-8E49922F6F05}.Release|Any CPU.ActiveCfg = Release|Any CPU
		{F19982EB-03D4-4B50-8542-8E49922F6F05}.Release|Any CPU.Build.0 = Release|Any CPU
		{BF70F91D-1CD8-42CF-813E-3FDFC4C09873}.Debug|Any CPU.ActiveCfg = Debug|Any CPU
		{BF70F91D-1CD8-42CF-813E-3FDFC4C09873}.Debug|Any CPU.Build.0 = Debug|Any CPU
		{BF70F91D-1CD8-42CF-813E-3FDFC4C09873}.Release|Any CPU.ActiveCfg = Release|Any CPU
		{BF70F91D-1CD8-42CF-813E-3FDFC4C09873}.Release|Any CPU.Build.0 = Release|Any CPU
	EndGlobalSection
	GlobalSection(SolutionProperties) = preSolution
		HideSolutionNode = FALSE
	EndGlobalSection
	GlobalSection(ExtensibilityGlobals) = postSolution
		SolutionGuid = {035A1383-9E49-43A4-AD87-E16481F24C80}
	EndGlobalSection
EndGlobal
